# This file is automatically @generated by Cargo.
# It is not intended for manual editing.
version = 4

[[package]]
name = "blackwood"
version = "0.1.0"

[[package]]
name = "blackwood-viewer"
version = "0.1.0"
dependencies = [
 "blackwood",
]

[[package]]
name = "blackwood-wasm"
version = "0.1.0"
dependencies = [
 "blackwood-viewer",
]
